<?xml version="1.0" encoding="utf-8"?>
<Project ToolsVersion="4.0" xmlns="http://schemas.microsoft.com/developer/msbuild/2003">
  <ItemGroup>
    <Filter Include="Source Files">
      <UniqueIdentifier>{02db943f-c527-4ad4-a2e3-fb354307731e}</UniqueIdentifier>
      <Extensions>cpp</Extensions>
    </Filter>
    <Filter Include="Miscellaneous Files">
      <UniqueIdentifier>{c496ca20-d9e3-4ee5-95be-8ee5c51a75d4}</UniqueIdentifier>
      <Extensions>txt</Extensions>
    </Filter>
    <Filter Include="common">
      <UniqueIdentifier>{0bb19cdd-d9b0-4f91-85fb-474ac5b7f2ad}</UniqueIdentifier>
    </Filter>
    <Filter Include="common\utilities">
      <UniqueIdentifier>{d1712b80-a0b7-4127-a3c4-ca14ca16f47b}</UniqueIdentifier>
    </Filter>
    <Filter Include="common\mayarendernodes">
      <UniqueIdentifier>{8580b335-0787-4bf6-88a9-a50a4fe96c23}</UniqueIdentifier>
    </Filter>
    <Filter Include="ressources">
      <UniqueIdentifier>{f40734d1-1307-4116-8ce5-7bd286f02559}</UniqueIdentifier>
    </Filter>
    <Filter Include="Source Files\appleseed">
      <UniqueIdentifier>{831bd360-ab0c-4180-b2e7-a04f84982b9c}</UniqueIdentifier>
    </Filter>
    <Filter Include="common\memory">
      <UniqueIdentifier>{61afadec-784b-425a-96b1-43a84dbc3d2e}</UniqueIdentifier>
    </Filter>
    <Filter Include="common\threads">
      <UniqueIdentifier>{f814a9c7-8669-4b94-b6fa-29ef951dc23d}</UniqueIdentifier>
    </Filter>
    <Filter Include="Source Files\shaders">
      <UniqueIdentifier>{983a5ccb-92c0-4f40-8e3f-28a9cab13b2e}</UniqueIdentifier>
    </Filter>
    <Filter Include="mtap_common">
      <UniqueIdentifier>{70de2472-49c1-4d70-b529-399a19d3cda2}</UniqueIdentifier>
    </Filter>
    <Filter Include="common\rendering">
      <UniqueIdentifier>{ea215caa-3dff-4111-8a19-71cf04244482}</UniqueIdentifier>
    </Filter>
    <Filter Include="common\osl">
      <UniqueIdentifier>{518b0e0c-9b1a-4f85-a45c-e8acfbae5df2}</UniqueIdentifier>
    </Filter>
    <Filter Include="common\swatchesrenderer">
      <UniqueIdentifier>{c93091ce-2f18-4256-80e4-cca47108a65c}</UniqueIdentifier>
    </Filter>
    <Filter Include="common\shadingtools">
      <UniqueIdentifier>{6239aafd-8b7a-4668-b3d1-8ac8df5fbdf8}</UniqueIdentifier>
    </Filter>
    <Filter Include="Source Files\appleseed\swatchesrenderer">
      <UniqueIdentifier>{af0b4c28-de5b-4726-98d5-a5f7aa06e358}</UniqueIdentifier>
    </Filter>
  </ItemGroup>
  <ItemGroup>
    <ClCompile Include="..\mayatocommon\cpp\mayaobject.cpp">
      <Filter>common</Filter>
    </ClCompile>
    <ClCompile Include="..\mayatocommon\cpp\mayascene.cpp">
      <Filter>common</Filter>
    </ClCompile>
    <ClCompile Include="..\mayatocommon\cpp\renderglobals.cpp">
      <Filter>common</Filter>
    </ClCompile>
    <ClCompile Include="..\mayatocommon\cpp\utilities\attrtools.cpp">
      <Filter>common\utilities</Filter>
    </ClCompile>
    <ClCompile Include="..\mayatocommon\cpp\utilities\logging.cpp">
      <Filter>common\utilities</Filter>
    </ClCompile>
    <ClCompile Include="..\mayatocommon\cpp\utilities\pystring.cpp">
      <Filter>common\utilities</Filter>
    </ClCompile>
    <ClCompile Include="..\mayatocommon\cpp\utilities\tools.cpp">
      <Filter>common\utilities</Filter>
    </ClCompile>
    <ClCompile Include="..\mayatocommon\cpp\shadingtools\material.cpp">
      <Filter>common\shadingtools</Filter>
    </ClCompile>
    <ClCompile Include="..\mayatocommon\cpp\shadingtools\shadingnode.cpp">
      <Filter>common\shadingtools</Filter>
    </ClCompile>
    <ClCompile Include="..\mayatocommon\cpp\mayarendernodes\renderglobalsnode.cpp">
      <Filter>common\mayarendernodes</Filter>
    </ClCompile>
    <ClCompile Include="..\mayatocommon\cpp\mayarendernodes\rendercmd.cpp">
      <Filter>common\mayarendernodes</Filter>
    </ClCompile>
    <ClCompile Include="..\mayatocommon\cpp\memory\memoryinfo.cpp">
      <Filter>common\memory</Filter>
    </ClCompile>
    <ClCompile Include="..\mayatocommon\cpp\threads\queue.cpp">
      <Filter>common\threads</Filter>
    </ClCompile>
    <ClCompile Include="..\mayatocommon\cpp\threads\threads.cpp">
      <Filter>common\threads</Filter>
    </ClCompile>
    <ClCompile Include="..\src\mayatoappleseed.cpp">
      <Filter>Source Files</Filter>
    </ClCompile>
    <ClCompile Include="..\src\pluginmain.cpp">
      <Filter>Source Files</Filter>
    </ClCompile>
    <ClCompile Include="..\mayatocommon\cpp\threads\renderqueueworker.cpp">
      <Filter>common\threads</Filter>
    </ClCompile>
    <ClCompile Include="..\mayatocommon\cpp\utilities\minimap.cpp">
      <Filter>common\utilities</Filter>
    </ClCompile>
    <ClCompile Include="..\src\appleseed\appleseed.cpp">
      <Filter>Source Files\appleseed</Filter>
    </ClCompile>
    <ClCompile Include="..\src\appleseed\appleseedlights.cpp">
      <Filter>Source Files\appleseed</Filter>
    </ClCompile>
    <ClCompile Include="..\src\mtap_common\mtap_mayaobject.cpp">
      <Filter>mtap_common</Filter>
    </ClCompile>
    <ClCompile Include="..\src\mtap_common\mtap_mayascene.cpp">
      <Filter>mtap_common</Filter>
    </ClCompile>
    <ClCompile Include="..\src\mtap_common\mtap_renderglobals.cpp">
      <Filter>mtap_common</Filter>
    </ClCompile>
    <ClCompile Include="..\src\mtap_common\mtap_renderglobalsnode.cpp">
      <Filter>mtap_common</Filter>
    </ClCompile>
    <ClCompile Include="..\src\appleseed\mtap_renderercontroller.cpp">
      <Filter>Source Files\appleseed</Filter>
    </ClCompile>
    <ClCompile Include="..\src\appleseed\mtap_tilecallback.cpp">
      <Filter>Source Files\appleseed</Filter>
    </ClCompile>
    <ClCompile Include="..\src\appleseed\appleseedshaders.cpp">
      <Filter>Source Files\appleseed</Filter>
    </ClCompile>
    <ClCompile Include="..\src\appleseed\appleseedutils.cpp">
      <Filter>Source Files\appleseed</Filter>
    </ClCompile>
    <ClCompile Include="..\mayatocommon\cpp\rendering\renderer.cpp">
      <Filter>common\rendering</Filter>
    </ClCompile>
    <ClCompile Include="..\mayatocommon\cpp\shadingtools\shadingutils.cpp">
      <Filter>common\shadingtools</Filter>
    </ClCompile>
    <ClCompile Include="..\src\mtap_common\mtap_swatchrenderer.cpp">
      <Filter>mtap_common</Filter>
    </ClCompile>
    <ClCompile Include="..\mayatocommon\cpp\mayarendernodes\standinlocatornode.cpp">
      <Filter>common\mayarendernodes</Filter>
    </ClCompile>
    <ClCompile Include="..\src\mtap_common\mtap_standinlocator.cpp">
      <Filter>mtap_common</Filter>
    </ClCompile>
    <ClCompile Include="..\src\appleseed\appleseedmeshwalker.cpp">
      <Filter>Source Files\appleseed</Filter>
    </ClCompile>
    <ClCompile Include="..\src\mtap_common\mtap_standinmeshnode.cpp">
      <Filter>mtap_common</Filter>
    </ClCompile>
    <ClCompile Include="..\src\appleseed\appleseedenvironment.cpp">
      <Filter>Source Files\appleseed</Filter>
    </ClCompile>
    <ClCompile Include="..\src\appleseed\appleseedcamera.cpp">
      <Filter>Source Files\appleseed</Filter>
    </ClCompile>
    <ClCompile Include="..\src\appleseed\appleseedconfig.cpp">
      <Filter>Source Files\appleseed</Filter>
    </ClCompile>
    <ClCompile Include="..\src\appleseed\appleseedupdateelements.cpp">
      <Filter>Source Files\appleseed</Filter>
    </ClCompile>
    <ClCompile Include="..\mayatocommon\cpp\shadingtools\shaderdefs.cpp">
      <Filter>common\shadingtools</Filter>
    </ClCompile>
    <ClCompile Include="..\src\appleseed\appleseedshadingnodes.cpp">
      <Filter>Source Files\appleseed</Filter>
    </ClCompile>
    <ClCompile Include="..\src\mtap_common\mtap_mayascenefactory.cpp">
      <Filter>mtap_common</Filter>
    </ClCompile>
    <ClCompile Include="..\mayatocommon\cpp\osl\oslutils.cpp">
      <Filter>common\osl</Filter>
    </ClCompile>
    <ClCompile Include="..\mayatocommon\cpp\world.cpp">
      <Filter>common</Filter>
    </ClCompile>
    <ClCompile Include="..\src\mtap_common\mtap_world.cpp">
      <Filter>mtap_common</Filter>
    </ClCompile>
    <ClCompile Include="..\mayatocommon\cpp\mayascenefactory.cpp">
      <Filter>common</Filter>
    </ClCompile>
    <ClCompile Include="..\mayatocommon\cpp\mayasceneparsing.cpp">
      <Filter>common</Filter>
    </ClCompile>
    <ClCompile Include="..\mayatocommon\cpp\mayasceneutils.cpp">
      <Filter>common</Filter>
    </ClCompile>
    <ClCompile Include="..\mayatocommon\cpp\renderglobalsfactory.cpp">
      <Filter>common</Filter>
    </ClCompile>
    <ClCompile Include="..\mayatocommon\cpp\renderprocess.cpp">
      <Filter>common</Filter>
    </ClCompile>
    <ClCompile Include="..\src\mtap_common\mtap_mayaobjectfactory.cpp">
      <Filter>mtap_common</Filter>
    </ClCompile>
    <ClCompile Include="..\src\appleseed\appleseedrendererfactory.cpp">
      <Filter>Source Files</Filter>
    </ClCompile>
    <ClCompile Include="..\mayatocommon\cpp\threads\compute.cpp">
      <Filter>common\threads</Filter>
    </ClCompile>
    <ClCompile Include="..\mayatocommon\cpp\rendering\mayarenderer.cpp">
      <Filter>common\rendering</Filter>
    </ClCompile>
    <ClCompile Include="..\src\appleseed\testrender.cpp">
      <Filter>Source Files\appleseed</Filter>
    </ClCompile>
    <ClCompile Include="..\src\appleseed\appleseedframeoutput.cpp">
      <Filter>Source Files\appleseed</Filter>
    </ClCompile>
    <ClCompile Include="..\src\appleseed\appleseedcreateoslshader.cpp">
      <Filter>Source Files\appleseed</Filter>
    </ClCompile>
    <ClCompile Include="..\src\appleseed\appleseedmaterial.cpp">
      <Filter>Source Files\appleseed</Filter>
    </ClCompile>
    <ClCompile Include="..\src\shaders\asdisneymaterial.cpp">
      <Filter>Source Files\shaders</Filter>
    </ClCompile>
    <ClCompile Include="..\src\shaders\asdisneymaterialoverride.cpp">
      <Filter>Source Files\shaders</Filter>
    </ClCompile>
    <ClCompile Include="..\src\mtap_common\mtap_mayarenderer.cpp">
      <Filter>mtap_common</Filter>
    </ClCompile>
    <ClCompile Include="..\src\mtap_common\mtap_material.cpp">
      <Filter>mtap_common</Filter>
    </ClCompile>
    <ClCompile Include="..\src\mtap_common\mtap_swatchrendererinterfacefactory.cpp">
      <Filter>mtap_common</Filter>
    </ClCompile>
    <ClCompile Include="..\mayatocommon\cpp\swatchesrenderer\swatchrenderer.cpp">
      <Filter>common\swatchesrenderer</Filter>
    </ClCompile>
    <ClCompile Include="..\src\appleseed\swatchesrenderer\appleseedswatchrenderer.cpp">
      <Filter>Source Files\appleseed\swatchesrenderer</Filter>
    </ClCompile>
    <ClCompile Include="..\src\appleseed\swatchesrenderer\newswatchrenderer.cpp">
      <Filter>Source Files\appleseed\swatchesrenderer</Filter>
    </ClCompile>
    <ClCompile Include="..\src\appleseed\swatchesrenderer\swatchesevent.cpp">
      <Filter>Source Files\appleseed\swatchesrenderer</Filter>
    </ClCompile>
    <ClCompile Include="..\src\appleseed\appleseedgeo.cpp">
      <Filter>Source Files\appleseed</Filter>
    </ClCompile>
    <ClCompile Include="..\src\appleseed\appleseedgeometry.cpp">
      <Filter>Source Files\appleseed</Filter>
    </ClCompile>
    <ClCompile Include="..\mayatocommon\cpp\utilities\meshtools.cpp">
      <Filter>common\utilities</Filter>
    </ClCompile>
    <ClCompile Include="..\src\shaders\aslayeredshader.cpp">
      <Filter>Source Files\shaders</Filter>
    </ClCompile>
    <ClCompile Include="..\src\appleseed\appleseedinteractiveupdate.cpp">
      <Filter>Source Files\appleseed</Filter>
    </ClCompile>
  </ItemGroup>
  <ItemGroup>
    <ClInclude Include="..\mayatocommon\cpp\mayaobject.h">
      <Filter>common</Filter>
    </ClInclude>
    <ClInclude Include="..\mayatocommon\cpp\mayascene.h">
      <Filter>common</Filter>
    </ClInclude>
    <ClInclude Include="..\mayatocommon\cpp\renderglobals.h">
      <Filter>common</Filter>
    </ClInclude>
    <ClInclude Include="..\mayatocommon\cpp\utilities\logging.h">
      <Filter>common\utilities</Filter>
    </ClInclude>
    <ClInclude Include="..\mayatocommon\cpp\utilities\attrtools.h">
      <Filter>common\utilities</Filter>
    </ClInclude>
    <ClInclude Include="..\mayatocommon\cpp\utilities\pystring.h">
      <Filter>common\utilities</Filter>
    </ClInclude>
    <ClInclude Include="..\mayatocommon\cpp\utilities\tools.h">
      <Filter>common\utilities</Filter>
    </ClInclude>
    <ClInclude Include="..\mayatocommon\cpp\shadingtools\material.h">
      <Filter>common\shadingtools</Filter>
    </ClInclude>
    <ClInclude Include="..\mayatocommon\cpp\shadingtools\shadingnode.h">
      <Filter>common\shadingtools</Filter>
    </ClInclude>
    <ClInclude Include="..\mayatocommon\cpp\mayarendernodes\rendercmd.h">
      <Filter>common\mayarendernodes</Filter>
    </ClInclude>
    <ClInclude Include="..\mayatocommon\cpp\mayarendernodes\renderglobalsnode.h">
      <Filter>common\mayarendernodes</Filter>
    </ClInclude>
    <ClInclude Include="..\mayatocommon\cpp\memory\memoryinfo.h">
      <Filter>common\memory</Filter>
    </ClInclude>
    <ClInclude Include="..\mayatocommon\cpp\threads\queue.h">
      <Filter>common\threads</Filter>
    </ClInclude>
    <ClInclude Include="..\mayatocommon\cpp\threads\threads.h">
      <Filter>common\threads</Filter>
    </ClInclude>
    <ClInclude Include="..\mayatocommon\cpp\threads\renderqueueworker.h">
      <Filter>common\threads</Filter>
    </ClInclude>
    <ClInclude Include="..\mayatocommon\cpp\utilities\minimap.h">
      <Filter>common\utilities</Filter>
    </ClInclude>
    <ClInclude Include="..\src\appleseed\appleseed.h">
      <Filter>Source Files\appleseed</Filter>
    </ClInclude>
    <ClInclude Include="..\src\mayatoappleseed.h">
      <Filter>Source Files</Filter>
    </ClInclude>
    <ClInclude Include="..\src\mtap_common\mtap_mayascene.h">
      <Filter>mtap_common</Filter>
    </ClInclude>
    <ClInclude Include="..\src\mtap_common\mtap_renderglobals.h">
      <Filter>mtap_common</Filter>
    </ClInclude>
    <ClInclude Include="..\src\mtap_common\mtap_renderglobalsnode.h">
      <Filter>mtap_common</Filter>
    </ClInclude>
    <ClInclude Include="..\src\appleseed\mtap_renderercontroller.h">
      <Filter>Source Files\appleseed</Filter>
    </ClInclude>
    <ClInclude Include="..\src\appleseed\mtap_tilecallback.h">
      <Filter>Source Files\appleseed</Filter>
    </ClInclude>
    <ClInclude Include="..\mayatocommon\cpp\rendering\renderer.h">
      <Filter>common\rendering</Filter>
    </ClInclude>
    <ClInclude Include="..\mayatocommon\cpp\shadingtools\shadingutils.h">
      <Filter>common\shadingtools</Filter>
    </ClInclude>
    <ClInclude Include="..\src\mtap_common\mtap_swatchrenderer.h">
      <Filter>mtap_common</Filter>
    </ClInclude>
    <ClInclude Include="..\mayatocommon\cpp\mayarendernodes\standinlocatornode.h">
      <Filter>common\mayarendernodes</Filter>
    </ClInclude>
    <ClInclude Include="..\src\mtap_common\mtap_standinlocator.h">
      <Filter>mtap_common</Filter>
    </ClInclude>
    <ClInclude Include="..\src\appleseed\appleseedmeshwalker.h">
      <Filter>Source Files\appleseed</Filter>
    </ClInclude>
    <ClInclude Include="..\src\mtap_common\mtap_standinmeshnode.h">
      <Filter>mtap_common</Filter>
    </ClInclude>
    <ClInclude Include="..\mayatocommon\cpp\shadingtools\shaderdefs.h">
      <Filter>common\shadingtools</Filter>
    </ClInclude>
    <ClInclude Include="..\mayatocommon\cpp\mayascenefactory.h">
      <Filter>common</Filter>
    </ClInclude>
    <ClInclude Include="..\mayatocommon\cpp\osl\oslutils.h">
      <Filter>common\osl</Filter>
    </ClInclude>
    <ClInclude Include="..\mayatocommon\cpp\world.h">
      <Filter>common</Filter>
    </ClInclude>
    <ClInclude Include="..\mayatocommon\cpp\mayaobjectfactory.h">
      <Filter>common</Filter>
    </ClInclude>
    <ClInclude Include="..\mayatocommon\cpp\renderglobalsfactory.h">
      <Filter>common</Filter>
    </ClInclude>
    <ClInclude Include="..\mayatocommon\cpp\renderprocess.h">
      <Filter>common</Filter>
    </ClInclude>
    <ClInclude Include="..\mayatocommon\cpp\rendering\rendererfactory.h">
      <Filter>common\rendering</Filter>
    </ClInclude>
    <ClInclude Include="..\mayatocommon\cpp\threads\compute.h">
      <Filter>common\threads</Filter>
    </ClInclude>
    <ClInclude Include="..\mayatocommon\cpp\rendering\mayarenderer.h">
      <Filter>common\rendering</Filter>
    </ClInclude>
    <ClInclude Include="..\src\appleseed\testrender.h">
      <Filter>Source Files\appleseed</Filter>
    </ClInclude>
    <ClInclude Include="..\src\appleseed\appleseedutils.h">
      <Filter>Source Files\appleseed</Filter>
    </ClInclude>
    <ClInclude Include="..\src\shaders\asdisneymaterial.h">
      <Filter>Source Files\shaders</Filter>
    </ClInclude>
    <ClInclude Include="..\src\shaders\asdisneymaterialoverride.h">
      <Filter>Source Files\shaders</Filter>
    </ClInclude>
    <ClInclude Include="..\src\mtap_common\mtap_mayarenderer.h">
      <Filter>mtap_common</Filter>
    </ClInclude>
    <ClInclude Include="..\src\appleseed\version.h">
      <Filter>Source Files\appleseed</Filter>
    </ClInclude>
    <ClInclude Include="..\src\mtap_common\mtap_material.h">
      <Filter>mtap_common</Filter>
    </ClInclude>
    <ClInclude Include="..\mayatocommon\cpp\swatchesrenderer\swatchgeometry.h">
      <Filter>common\swatchesrenderer</Filter>
    </ClInclude>
    <ClInclude Include="..\mayatocommon\cpp\swatchesrenderer\swatchrenderer.h">
      <Filter>common\swatchesrenderer</Filter>
    </ClInclude>
    <ClInclude Include="..\mayatocommon\cpp\swatchesrenderer\swatchrendererinterface.h">
      <Filter>common\swatchesrenderer</Filter>
    </ClInclude>
    <ClInclude Include="..\mayatocommon\cpp\swatchesrenderer\swatchrendererinterfacefactory.h">
      <Filter>common\swatchesrenderer</Filter>
    </ClInclude>
    <ClInclude Include="..\mayatocommon\cpp\swatchesrenderer\swatchesqueue.h">
      <Filter>common\swatchesrenderer</Filter>
    </ClInclude>
    <ClInclude Include="..\mayatocommon\cpp\swatchesrenderer\newswatchrenderer.h">
      <Filter>common\swatchesrenderer</Filter>
    </ClInclude>
    <ClInclude Include="..\src\appleseed\swatchesrenderer\appleseedswatchrenderer.h">
      <Filter>Source Files\appleseed\swatchesrenderer</Filter>
    </ClInclude>
    <ClInclude Include="..\src\appleseed\swatchesrenderer\swatchesevent.h">
      <Filter>Source Files\appleseed\swatchesrenderer</Filter>
    </ClInclude>
    <ClInclude Include="..\src\appleseed\appleseedgeometry.h">
      <Filter>Source Files\appleseed</Filter>
    </ClInclude>
    <ClInclude Include="..\mayatocommon\cpp\utilities\meshtools.h">
      <Filter>common\utilities</Filter>
    </ClInclude>
    <ClInclude Include="..\src\shaders\aslayeredshader.h">
      <Filter>Source Files\shaders</Filter>
    </ClInclude>
    <ClInclude Include="..\src\appleseed\appleseedmaterial.h">
      <Filter>Source Files\appleseed</Filter>
    </ClInclude>
    <ClInclude Include="..\mayatocommon\cpp\definitions.h">
      <Filter>common</Filter>
    </ClInclude>
    <ClInclude Include="..\src\mtap_common\mtap_mayaobject.h">
      <Filter>mtap_common</Filter>
    </ClInclude>
  </ItemGroup>
  <ItemGroup>
    <None Include="sourceCodeDocs\assemblyWorkflow.txt">
      <Filter>ressources</Filter>
    </None>
    <None Include="..\releaseNotes.txt">
      <Filter>ressources</Filter>
    </None>
    <None Include="sourceCodeDocs\Materials.txt">
      <Filter>ressources</Filter>
    </None>
  </ItemGroup>
  <ItemGroup>
    <Text Include="..\mtap_devmodule\resources\shaderDefinitions.txt">
      <Filter>ressources</Filter>
    </Text>
  </ItemGroup>
</Project>